{
  "originHash" : "23fcddd57c77b9f15884e37c401a611d8c38f65ff68cc94934598563f78deb72",
  "pins" : [
    {
      "identity" : "argmax-oss-swift",
      "kind" : "remoteSourceControl",
      "location" : "https://github.com/argmaxinc/argmax-oss-swift.git",
      "state" : {
        "revision" : "1e2a163736dfa5a198e637ae44c114e1c6d5cc2d",
        "version" : "1.1.0"
      }
    },
    {
      "identity" : "fluidaudio",
      "kind" : "remoteSourceControl",
      "location" : "https://github.com/FluidInference/FluidAudio.git",
      "state" : {
        "revision" : "87a39dfe4068fef0f1c69bfe704b2b3ef4fbc5bc",
        "version" : "0.15.8"
      }
    },
    {
      "identity" : "swift-argument-parser",
      "kind" : "remoteSourceControl",
      "location" : "https://github.com/apple/swift-argument-parser.git",
      "state" : {
        "revision" : "6a52f3251125d74daf04fcbd5e6f08a75d074382",
        "version" : "1.8.2"
      }
    }
  ],
  "version" : 3
}
